
Microsoft Visual Studio Solution File, Format Version 12.00
Project("{FAE04EC0-301F-11D3-BF4B-00C04F79EFBC}") = "NativeAOTJS", "NativeAOTJS\NativeAOTJS.csproj", "{D07F82A1-38B6-4DD8-B61B-B27515867CAE}"
EndProject
Global
	GlobalSection(SolutionConfigurationPlatforms) = preSolution
		Debug|Any CPU = Debug|Any CPU
		Release|Any CPU = Release|Any CPU
	EndGlobalSection
	GlobalSection(ProjectConfigurationPlatforms) = postSolution
		{D07F82A1-38B6-4DD8-B61B-B27515867CAE}.Debug|Any CPU.ActiveCfg = Debug|Any CPU
		{D07F82A1-38B6-4DD8-B61B-B27515867CAE}.Debug|Any CPU.Build.0 = Debug|Any CPU
		{D07F82A1-38B6-4DD8-B61B-B27515867CAE}.Release|Any CPU.ActiveCfg = Release|Any CPU
		{D07F82A1-38B6-4DD8-B61B-B27515867CAE}.Release|Any CPU.Build.0 = Release|Any CPU
	EndGlobalSection
EndGlobal
